
Microsoft Visual Studio Solution File, Format Version 12.00
# Visual Studio 2012
Project("{FAE04EC0-301F-11D3-BF4B-00C04F79EFBC}") = "IdmAutotests.Tests", "IdmAutotests.Tests\IdmAutotests.Tests.csproj", "{B3083410-3ABE-424D-A006-B25A11E293AB}"
	ProjectSection(ProjectDependencies) = postProject
		{52B04EE2-7B0B-4EF7-9338-7A17F6C9E593} = {52B04EE2-7B0B-4EF7-9338-7A17F6C9E593}
	EndProjectSection
EndProject
Project("{FAE04EC0-301F-11D3-BF4B-00C04F79EFBC}") = "IdmAutotests.Utilities", "IdmAutotests.Utilities\IdmAutotests.Utilities.csproj", "{52B04EE2-7B0B-4EF7-9338-7A17F6C9E593}"
EndProject
Global
	GlobalSection(SolutionConfigurationPlatforms) = preSolution
		Debug|Any CPU = Debug|Any CPU
		Release|Any CPU = Release|Any CPU
	EndGlobalSection
	GlobalSection(ProjectConfigurationPlatforms) = postSolution
		{B3083410-3ABE-424D-A006-B25A11E293AB}.Debug|Any CPU.ActiveCfg = Debug|Any CPU
		{B3083410-3ABE-424D-A006-B25A11E293AB}.Debug|Any CPU.Build.0 = Debug|Any CPU
		{B3083410-3ABE-424D-A006-B25A11E293AB}.Release|Any CPU.ActiveCfg = Release|Any CPU
		{B3083410-3ABE-424D-A006-B25A11E293AB}.Release|Any CPU.Build.0 = Release|Any CPU
		{52B04EE2-7B0B-4EF7-9338-7A17F6C9E593}.Debug|Any CPU.ActiveCfg = Debug|Any CPU
		{52B04EE2-7B0B-4EF7-9338-7A17F6C9E593}.Debug|Any CPU.Build.0 = Debug|Any CPU
		{52B04EE2-7B0B-4EF7-9338-7A17F6C9E593}.Release|Any CPU.ActiveCfg = Release|Any CPU
		{52B04EE2-7B0B-4EF7-9338-7A17F6C9E593}.Release|Any CPU.Build.0 = Release|Any CPU
	EndGlobalSection
	GlobalSection(SolutionProperties) = preSolution
		HideSolutionNode = FALSE
	EndGlobalSection
EndGlobal
